# THIS IS AN AUTOGENERATED FILE. DO NOT EDIT THIS FILE DIRECTLY.
# yarn lockfile v1


"@cspell/cspell-bundled-dicts@8.12.1":
  version "8.12.1"
  resolved "https://registry.yarnpkg.com/@cspell/cspell-bundled-dicts/-/cspell-bundled-dicts-8.12.1.tgz#21c468155f27898c1d519dbf15e33fee61d36e92"
  integrity sha512-55wCxlKwRsYCt8uWB65C0xiJ4bP43UE3b/GK01ekyz2fZ11mudMWGMrX/pdKwGIOXFfFqDz3DCRxFs+fHS58oA==
  dependencies:
    "@cspell/dict-ada" "^4.0.2"
    "@cspell/dict-aws" "^4.0.3"
    "@cspell/dict-bash" "^4.1.3"
    "@cspell/dict-companies" "^3.1.2"
    "@cspell/dict-cpp" "^5.1.11"
    "@cspell/dict-cryptocurrencies" "^5.0.0"
    "@cspell/dict-csharp" "^4.0.2"
    "@cspell/dict-css" "^4.0.12"
    "@cspell/dict-dart" "^2.0.3"
    "@cspell/dict-django" "^4.1.0"
    "@cspell/dict-docker" "^1.1.7"
    "@cspell/dict-dotnet" "^5.0.2"
    "@cspell/dict-elixir" "^4.0.3"
    "@cspell/dict-en-common-misspellings" "^2.0.3"
    "@cspell/dict-en-gb" "1.1.33"
    "@cspell/dict-en_us" "^4.3.23"
    "@cspell/dict-filetypes" "^3.0.4"
    "@cspell/dict-fonts" "^4.0.0"
    "@cspell/dict-fsharp" "^1.0.1"
    "@cspell/dict-fullstack" "^3.1.8"
    "@cspell/dict-gaming-terms" "^1.0.5"
    "@cspell/dict-git" "^3.0.0"
    "@cspell/dict-golang" "^6.0.9"
    "@cspell/dict-google" "^1.0.1"
    "@cspell/dict-haskell" "^4.0.1"
    "@cspell/dict-html" "^4.0.5"
    "@cspell/dict-html-symbol-entities" "^4.0.0"
    "@cspell/dict-java" "^5.0.7"
    "@cspell/dict-julia" "^1.0.1"
    "@cspell/dict-k8s" "^1.0.5"
    "@cspell/dict-latex" "^4.0.0"
    "@cspell/dict-lorem-ipsum" "^4.0.0"
    "@cspell/dict-lua" "^4.0.3"
    "@cspell/dict-makefile" "^1.0.0"
    "@cspell/dict-monkeyc" "^1.0.6"
    "@cspell/dict-node" "^5.0.1"
    "@cspell/dict-npm" "^5.0.17"
    "@cspell/dict-php" "^4.0.8"
    "@cspell/dict-powershell" "^5.0.5"
    "@cspell/dict-public-licenses" "^2.0.7"
    "@cspell/dict-python" "^4.2.1"
    "@cspell/dict-r" "^2.0.1"
    "@cspell/dict-ruby" "^5.0.2"
    "@cspell/dict-rust" "^4.0.4"
    "@cspell/dict-scala" "^5.0.3"
    "@cspell/dict-software-terms" "^4.0.0"
    "@cspell/dict-sql" "^2.1.3"
    "@cspell/dict-svelte" "^1.0.2"
    "@cspell/dict-swift" "^2.0.1"
    "@cspell/dict-terraform" "^1.0.0"
    "@cspell/dict-typescript" "^3.1.5"
    "@cspell/dict-vue" "^3.0.0"

"@cspell/cspell-json-reporter@8.12.1":
  version "8.12.1"
  resolved "https://registry.yarnpkg.com/@cspell/cspell-json-reporter/-/cspell-json-reporter-8.12.1.tgz#9772981874ac824072973076ab5216e71de651cf"
  integrity sha512-nO/3GTk3rBpLRBzkmcKFxbtEDd3FKXfQ5uTCpJ27XYVHYjlU+d4McOYYMClMhpFianVol2JCyberpGAj6bVgLg==
  dependencies:
    "@cspell/cspell-types" "8.12.1"

"@cspell/cspell-pipe@8.12.1":
  version "8.12.1"
  resolved "https://registry.yarnpkg.com/@cspell/cspell-pipe/-/cspell-pipe-8.12.1.tgz#a0c79b85ee1502ec2b2559fdca475955e5b08673"
  integrity sha512-lh0zIm43r/Fj3sQWXc68msKnXNrfPOo8VvzL1hOP0v/j2eH61fvELH08/K+nQJ8cCutNZ4zhk9+KMDU4KmsMtw==

"@cspell/cspell-resolver@8.12.1":
  version "8.12.1"
  resolved "https://registry.yarnpkg.com/@cspell/cspell-resolver/-/cspell-resolver-8.12.1.tgz#206c3a50a7dd0c351e2a981e001e22ef1379c7cc"
  integrity sha512-3HE04m7DS/6xYpWPN2QBGCHr26pvxHa78xYk+PjiPD2Q49ceqTNdFcZOYd+Wba8HbRXSukchSLhrTujmPEzqpw==
  dependencies:
    global-directory "^4.0.1"

"@cspell/cspell-service-bus@8.12.1":
  version "8.12.1"
  resolved "https://registry.yarnpkg.com/@cspell/cspell-service-bus/-/cspell-service-bus-8.12.1.tgz#1bfc787129137febc4a48bf43288b30117e19499"
  integrity sha512-UQPddS38dQ/FG00y2wginCzdS6yxryiGrWXSD/P59idCrYYDCYnI9pPsx4u10tmRkW1zJ+O7gGCsXw7xa5DAJQ==

"@cspell/cspell-types@8.12.1":
  version "8.12.1"
  resolved "https://registry.yarnpkg.com/@cspell/cspell-types/-/cspell-types-8.12.1.tgz#315ec824f3b2aaa67e844f615defa7c45025de50"
  integrity sha512-17POyyRgl7m7mMuv1qk2xX6E5bdT0F3247vloBCdUMyaVtmtN4uEiQ/jqU5vtW02vxlKjKS0HcTvKz4EVfSlzQ==

"@cspell/dict-ada@^4.0.2":
  version "4.0.2"
  resolved "https://registry.yarnpkg.com/@cspell/dict-ada/-/dict-ada-4.0.2.tgz#8da2216660aeb831a0d9055399a364a01db5805a"
  integrity sha512-0kENOWQeHjUlfyId/aCM/mKXtkEgV0Zu2RhUXCBr4hHo9F9vph+Uu8Ww2b0i5a4ZixoIkudGA+eJvyxrG1jUpA==

"@cspell/dict-aws@^4.0.3":
  version "4.0.3"
  resolved "https://registry.yarnpkg.com/@cspell/dict-aws/-/dict-aws-4.0.3.tgz#7d36d4d5439d1c39b815e0ae19f79e48a823e047"
  integrity sha512-0C0RQ4EM29fH0tIYv+EgDQEum0QI6OrmjENC9u98pB8UcnYxGG/SqinuPxo+TgcEuInj0Q73MsBpJ1l5xUnrsw==

"@cspell/dict-bash@^4.1.3":
  version "4.1.3"
  resolved "https://registry.yarnpkg.com/@cspell/dict-bash/-/dict-bash-4.1.3.tgz#25fba40825ac10083676ab2c777e471c3f71b36e"
  integrity sha512-tOdI3QVJDbQSwPjUkOiQFhYcu2eedmX/PtEpVWg0aFps/r6AyjUQINtTgpqMYnYuq8O1QUIQqnpx21aovcgZCw==

"@cspell/dict-companies@^3.1.2":
  version "3.1.2"
  resolved "https://registry.yarnpkg.com/@cspell/dict-companies/-/dict-companies-3.1.2.tgz#b335fe5b8847a23673bc4b964ca584339ca669a2"
  integrity sha512-OwR5i1xbYuJX7FtHQySmTy3iJtPV1rZQ3jFCxFGwrA1xRQ4rtRcDQ+sTXBCIAoJHkXa84f9J3zsngOKmMGyS/w==

"@cspell/dict-cpp@^5.1.11":
  version "5.1.12"
  resolved "https://registry.yarnpkg.com/@cspell/dict-cpp/-/dict-cpp-5.1.12.tgz#52d5ed8b96268e8282f6d7694ee2434b20bafb21"
  integrity sha512-6lXLOFIa+k/qBcu0bjaE/Kc6v3sh9VhsDOXD1Dalm3zgd0QIMjp5XBmkpSdCAK3pWCPV0Se7ysVLDfCea1BuXg==

"@cspell/dict-cryptocurrencies@^5.0.0":
  version "5.0.0"
  resolved "https://registry.yarnpkg.com/@cspell/dict-cryptocurrencies/-/dict-cryptocurrencies-5.0.0.tgz#19fbc7bdbec76ce64daf7d53a6d0f3cfff7d0038"
  integrity sha512-Z4ARIw5+bvmShL+4ZrhDzGhnc9znaAGHOEMaB/GURdS/jdoreEDY34wdN0NtdLHDO5KO7GduZnZyqGdRoiSmYA==

"@cspell/dict-csharp@^4.0.2":
  version "4.0.2"
  resolved "https://registry.yarnpkg.com/@cspell/dict-csharp/-/dict-csharp-4.0.2.tgz#e55659dbe594e744d86b1baf0f3397fe57b1e283"
  integrity sha512-1JMofhLK+4p4KairF75D3A924m5ERMgd1GvzhwK2geuYgd2ZKuGW72gvXpIV7aGf52E3Uu1kDXxxGAiZ5uVG7g==

"@cspell/dict-css@^4.0.12":
  version "4.0.12"
  resolved "https://registry.yarnpkg.com/@cspell/dict-css/-/dict-css-4.0.12.tgz#59abf3512ae729835c933c38f64a3d8a5f09ce3d"
  integrity sha512-vGBgPM92MkHQF5/2jsWcnaahOZ+C6OE/fPvd5ScBP72oFY9tn5GLuomcyO0z8vWCr2e0nUSX1OGimPtcQAlvSw==

"@cspell/dict-dart@^2.0.3":
  version "2.0.3"
  resolved "https://registry.yarnpkg.com/@cspell/dict-dart/-/dict-dart-2.0.3.tgz#75e7ffe47d5889c2c831af35acdd92ebdbd4cf12"
  integrity sha512-cLkwo1KT5CJY5N5RJVHks2genFkNCl/WLfj+0fFjqNR+tk3tBI1LY7ldr9piCtSFSm4x9pO1x6IV3kRUY1lLiw==

"@cspell/dict-data-science@^2.0.1":
  version "2.0.1"
  resolved "https://registry.yarnpkg.com/@cspell/dict-data-science/-/dict-data-science-2.0.1.tgz#ef8040821567786d76c6153ac3e4bc265ca65b59"
  integrity sha512-xeutkzK0eBe+LFXOFU2kJeAYO6IuFUc1g7iRLr7HeCmlC4rsdGclwGHh61KmttL3+YHQytYStxaRBdGAXWC8Lw==

"@cspell/dict-django@^4.1.0":
  version "4.1.0"
  resolved "https://registry.yarnpkg.com/@cspell/dict-django/-/dict-django-4.1.0.tgz#2d4b765daf3c83e733ef3e06887ea34403a4de7a"
  integrity sha512-bKJ4gPyrf+1c78Z0Oc4trEB9MuhcB+Yg+uTTWsvhY6O2ncFYbB/LbEZfqhfmmuK/XJJixXfI1laF2zicyf+l0w==

"@cspell/dict-docker@^1.1.7":
  version "1.1.7"
  resolved "https://registry.yarnpkg.com/@cspell/dict-docker/-/dict-docker-1.1.7.tgz#bcf933283fbdfef19c71a642e7e8c38baf9014f2"
  integrity sha512-XlXHAr822euV36GGsl2J1CkBIVg3fZ6879ZOg5dxTIssuhUOCiV2BuzKZmt6aIFmcdPmR14+9i9Xq+3zuxeX0A==

"@cspell/dict-dotnet@^5.0.2":
  version "5.0.2"
  resolved "https://registry.yarnpkg.com/@cspell/dict-dotnet/-/dict-dotnet-5.0.2.tgz#d89ca8fa2e546b5e1b1f1288746d26bb627d9f38"
  integrity sha512-UD/pO2A2zia/YZJ8Kck/F6YyDSpCMq0YvItpd4YbtDVzPREfTZ48FjZsbYi4Jhzwfvc6o8R56JusAE58P+4sNQ==

"@cspell/dict-elixir@^4.0.3":
  version "4.0.3"
  resolved "https://registry.yarnpkg.com/@cspell/dict-elixir/-/dict-elixir-4.0.3.tgz#57c25843e46cf3463f97da72d9ef8e37c818296f"
  integrity sha512-g+uKLWvOp9IEZvrIvBPTr/oaO6619uH/wyqypqvwpmnmpjcfi8+/hqZH8YNKt15oviK8k4CkINIqNhyndG9d9Q==

"@cspell/dict-en-common-misspellings@^2.0.3":
  version "2.0.3"
  resolved "https://registry.yarnpkg.com/@cspell/dict-en-common-misspellings/-/dict-en-common-misspellings-2.0.3.tgz#705d7a271fbd35f9ee3ce5bd5ff0d38454a61927"
  integrity sha512-8nF1z9nUiSgMyikL66HTbDO7jCGtB24TxKBasXIBwkBKMDZgA2M883iXdeByy6m1JJUcCGFkSftVYp2W0bUgjw==

"@cspell/dict-en-gb@1.1.33":
  version "1.1.33"
  resolved "https://registry.yarnpkg.com/@cspell/dict-en-gb/-/dict-en-gb-1.1.33.tgz#7f1fd90fc364a5cb77111b5438fc9fcf9cc6da0e"
  integrity sha512-tKSSUf9BJEV+GJQAYGw5e+ouhEe2ZXE620S7BLKe3ZmpnjlNG9JqlnaBhkIMxKnNFkLY2BP/EARzw31AZnOv4g==

"@cspell/dict-en_us@^4.3.23":
  version "4.3.23"
  resolved "https://registry.yarnpkg.com/@cspell/dict-en_us/-/dict-en_us-4.3.23.tgz#3362b75a5051405816728ea1bb5ce997582ed383"
  integrity sha512-l0SoEQBsi3zDSl3OuL4/apBkxjuj4hLIg/oy6+gZ7LWh03rKdF6VNtSZNXWAmMY+pmb1cGA3ouleTiJIglbsIg==

"@cspell/dict-filetypes@^3.0.4":
  version "3.0.4"
  resolved "https://registry.yarnpkg.com/@cspell/dict-filetypes/-/dict-filetypes-3.0.4.tgz#aca71c7bb8c8805b54f382d98ded5ec75ebc1e36"
  integrity sha512-IBi8eIVdykoGgIv5wQhOURi5lmCNJq0we6DvqKoPQJHthXbgsuO1qrHSiUVydMiQl/XvcnUWTMeAlVUlUClnVg==

"@cspell/dict-fonts@^4.0.0":
  version "4.0.0"
  resolved "https://registry.yarnpkg.com/@cspell/dict-fonts/-/dict-fonts-4.0.0.tgz#9bc8beb2a7b068b4fdb45cb994b36fd184316327"
  integrity sha512-t9V4GeN/m517UZn63kZPUYP3OQg5f0OBLSd3Md5CU3eH1IFogSvTzHHnz4Wqqbv8NNRiBZ3HfdY/pqREZ6br3Q==

"@cspell/dict-fsharp@^1.0.1":
  version "1.0.1"
  resolved "https://registry.yarnpkg.com/@cspell/dict-fsharp/-/dict-fsharp-1.0.1.tgz#d62c699550a39174f182f23c8c1330a795ab5f53"
  integrity sha512-23xyPcD+j+NnqOjRHgW3IU7Li912SX9wmeefcY0QxukbAxJ/vAN4rBpjSwwYZeQPAn3fxdfdNZs03fg+UM+4yQ==

"@cspell/dict-fullstack@^3.1.8":
  version "3.1.8"
  resolved "https://registry.yarnpkg.com/@cspell/dict-fullstack/-/dict-fullstack-3.1.8.tgz#1bbfa0a165346f6eff9894cf965bf3ce26552797"
  integrity sha512-YRlZupL7uqMCtEBK0bDP9BrcPnjDhz7m4GBqCc1EYqfXauHbLmDT8ELha7T/E7wsFKniHSjzwDZzhNXo2lusRQ==

"@cspell/dict-gaming-terms@^1.0.5":
  version "1.0.5"
  resolved "https://registry.yarnpkg.com/@cspell/dict-gaming-terms/-/dict-gaming-terms-1.0.5.tgz#d6ca40eb34a4c99847fd58a7354cd2c651065156"
  integrity sha512-C3riccZDD3d9caJQQs1+MPfrUrQ+0KHdlj9iUR1QD92FgTOF6UxoBpvHUUZ9YSezslcmpFQK4xQQ5FUGS7uWfw==

"@cspell/dict-git@^3.0.0":
  version "3.0.0"
  resolved "https://registry.yarnpkg.com/@cspell/dict-git/-/dict-git-3.0.0.tgz#c275af86041a2b59a7facce37525e2af05653b95"
  integrity sha512-simGS/lIiXbEaqJu9E2VPoYW1OTC2xrwPPXNXFMa2uo/50av56qOuaxDrZ5eH1LidFXwoc8HROCHYeKoNrDLSw==

"@cspell/dict-golang@^6.0.9":
  version "6.0.9"
  resolved "https://registry.yarnpkg.com/@cspell/dict-golang/-/dict-golang-6.0.9.tgz#b26ee13fb34a8cd40fb22380de8a46b25739fcab"
  integrity sha512-etDt2WQauyEQDA+qPS5QtkYTb2I9l5IfQftAllVoB1aOrT6bxxpHvMEpJ0Hsn/vezxrCqa/BmtUbRxllIxIuSg==

"@cspell/dict-google@^1.0.1":
  version "1.0.1"
  resolved "https://registry.yarnpkg.com/@cspell/dict-google/-/dict-google-1.0.1.tgz#34701471a616011aeaaf480d4834436b6b6b1da5"
  integrity sha512-dQr4M3n95uOhtloNSgB9tYYGXGGEGEykkFyRtfcp5pFuEecYUa0BSgtlGKx9RXVtJtKgR+yFT/a5uQSlt8WjqQ==

"@cspell/dict-haskell@^4.0.1":
  version "4.0.1"
  resolved "https://registry.yarnpkg.com/@cspell/dict-haskell/-/dict-haskell-4.0.1.tgz#e9fca7c452411ff11926e23ffed2b50bb9b95e47"
  integrity sha512-uRrl65mGrOmwT7NxspB4xKXFUenNC7IikmpRZW8Uzqbqcu7ZRCUfstuVH7T1rmjRgRkjcIjE4PC11luDou4wEQ==

"@cspell/dict-html-symbol-entities@^4.0.0":
  version "4.0.0"
  resolved "https://registry.yarnpkg.com/@cspell/dict-html-symbol-entities/-/dict-html-symbol-entities-4.0.0.tgz#4d86ac18a4a11fdb61dfb6f5929acd768a52564f"
  integrity sha512-HGRu+48ErJjoweR5IbcixxETRewrBb0uxQBd6xFGcxbEYCX8CnQFTAmKI5xNaIt2PKaZiJH3ijodGSqbKdsxhw==

"@cspell/dict-html@^4.0.5":
  version "4.0.5"
  resolved "https://registry.yarnpkg.com/@cspell/dict-html/-/dict-html-4.0.5.tgz#03a5182148d80e6c25f71339dbb2b7c5b9894ef8"
  integrity sha512-p0brEnRybzSSWi8sGbuVEf7jSTDmXPx7XhQUb5bgG6b54uj+Z0Qf0V2n8b/LWwIPJNd1GygaO9l8k3HTCy1h4w==

"@cspell/dict-java@^5.0.7":
  version "5.0.7"
  resolved "https://registry.yarnpkg.com/@cspell/dict-java/-/dict-java-5.0.7.tgz#c0b32d3c208b6419a5eddd010e87196976be2694"
  integrity sha512-ejQ9iJXYIq7R09BScU2y5OUGrSqwcD+J5mHFOKbduuQ5s/Eh/duz45KOzykeMLI6KHPVxhBKpUPBWIsfewECpQ==

"@cspell/dict-julia@^1.0.1":
  version "1.0.1"
  resolved "https://registry.yarnpkg.com/@cspell/dict-julia/-/dict-julia-1.0.1.tgz#900001417f1c4ea689530adfcc034c848458a0aa"
  integrity sha512-4JsCLCRhhLMLiaHpmR7zHFjj1qOauzDI5ZzCNQS31TUMfsOo26jAKDfo0jljFAKgw5M2fEG7sKr8IlPpQAYrmQ==

"@cspell/dict-k8s@^1.0.5":
  version "1.0.5"
  resolved "https://registry.yarnpkg.com/@cspell/dict-k8s/-/dict-k8s-1.0.5.tgz#4a4011d9f2f3ab628658573c5f16c0e6dbe30c29"
  integrity sha512-Cj+/ZV4S+MKlwfocSJZqe/2UAd/sY8YtlZjbK25VN1nCnrsKrBjfkX29vclwSj1U9aJg4Z9jw/uMjoaKu9ZrpQ==

"@cspell/dict-latex@^4.0.0":
  version "4.0.0"
  resolved "https://registry.yarnpkg.com/@cspell/dict-latex/-/dict-latex-4.0.0.tgz#85054903db834ea867174795d162e2a8f0e9c51e"
  integrity sha512-LPY4y6D5oI7D3d+5JMJHK/wxYTQa2lJMSNxps2JtuF8hbAnBQb3igoWEjEbIbRRH1XBM0X8dQqemnjQNCiAtxQ==

"@cspell/dict-lorem-ipsum@^4.0.0":
  version "4.0.0"
  resolved "https://registry.yarnpkg.com/@cspell/dict-lorem-ipsum/-/dict-lorem-ipsum-4.0.0.tgz#2793a5dbfde474a546b0caecc40c38fdf076306e"
  integrity sha512-1l3yjfNvMzZPibW8A7mQU4kTozwVZVw0AvFEdy+NcqtbxH+TvbSkNMqROOFWrkD2PjnKG0+Ea0tHI2Pi6Gchnw==

"@cspell/dict-lua@^4.0.3":
  version "4.0.3"
  resolved "https://registry.yarnpkg.com/@cspell/dict-lua/-/dict-lua-4.0.3.tgz#2d23c8f7e74b4e62000678d80e7d1ebb10b003e0"
  integrity sha512-lDHKjsrrbqPaea13+G9s0rtXjMO06gPXPYRjRYawbNmo4E/e3XFfVzeci3OQDQNDmf2cPOwt9Ef5lu2lDmwfJg==

"@cspell/dict-makefile@^1.0.0":
  version "1.0.0"
  resolved "https://registry.yarnpkg.com/@cspell/dict-makefile/-/dict-makefile-1.0.0.tgz#5afb2910873ebbc01ab8d9c38661c4c93d0e5a40"
  integrity sha512-3W9tHPcSbJa6s0bcqWo6VisEDTSN5zOtDbnPabF7rbyjRpNo0uHXHRJQF8gAbFzoTzBBhgkTmrfSiuyQm7vBUQ==

"@cspell/dict-monkeyc@^1.0.6":
  version "1.0.6"
  resolved "https://registry.yarnpkg.com/@cspell/dict-monkeyc/-/dict-monkeyc-1.0.6.tgz#042d042fc34a20194c8de032130808f44b241375"
  integrity sha512-oO8ZDu/FtZ55aq9Mb67HtaCnsLn59xvhO/t2mLLTHAp667hJFxpp7bCtr2zOrR1NELzFXmKln/2lw/PvxMSvrA==

"@cspell/dict-node@^5.0.1":
  version "5.0.1"
  resolved "https://registry.yarnpkg.com/@cspell/dict-node/-/dict-node-5.0.1.tgz#77e17c576a897a3391fce01c1cc5da60bb4c2268"
  integrity sha512-lax/jGz9h3Dv83v8LHa5G0bf6wm8YVRMzbjJPG/9rp7cAGPtdrga+XANFq+B7bY5+jiSA3zvj10LUFCFjnnCCg==

"@cspell/dict-npm@^5.0.17":
  version "5.0.18"
  resolved "https://registry.yarnpkg.com/@cspell/dict-npm/-/dict-npm-5.0.18.tgz#7ec5640c97bd25a64de0c9e74eb19dda86fba025"
  integrity sha512-weMTyxWpzz19q4wv9n183BtFvdD5fCjtze+bFKpl+4rO/YlPhHL2cXLAeexJz/VDSBecwX4ybTZYoknd1h2J4w==

"@cspell/dict-php@^4.0.8":
  version "4.0.8"
  resolved "https://registry.yarnpkg.com/@cspell/dict-php/-/dict-php-4.0.8.tgz#fedce3109dff13a0f3d8d88ba604d6edd2b9fb70"
  integrity sha512-TBw3won4MCBQ2wdu7kvgOCR3dY2Tb+LJHgDUpuquy3WnzGiSDJ4AVelrZdE1xu7mjFJUr4q48aB21YT5uQqPZA==

"@cspell/dict-powershell@^5.0.5":
  version "5.0.5"
  resolved "https://registry.yarnpkg.com/@cspell/dict-powershell/-/dict-powershell-5.0.5.tgz#3319d2fbad740e164a78386d711668bfe335c1f2"
  integrity sha512-3JVyvMoDJesAATYGOxcUWPbQPUvpZmkinV3m8HL1w1RrjeMVXXuK7U1jhopSneBtLhkU+9HKFwgh9l9xL9mY2Q==

"@cspell/dict-public-licenses@^2.0.7":
  version "2.0.7"
  resolved "https://registry.yarnpkg.com/@cspell/dict-public-licenses/-/dict-public-licenses-2.0.7.tgz#ccd67a91a6bd5ed4b5117c2f34e9361accebfcb7"
  integrity sha512-KlBXuGcN3LE7tQi/GEqKiDewWGGuopiAD0zRK1QilOx5Co8XAvs044gk4MNIQftc8r0nHeUI+irJKLGcR36DIQ==

"@cspell/dict-python@^4.2.1":
  version "4.2.1"
  resolved "https://registry.yarnpkg.com/@cspell/dict-python/-/dict-python-4.2.1.tgz#ef0c4cc1b6d096e8ff65faee3fe15eaf6457a92e"
  integrity sha512-9X2jRgyM0cxBoFQRo4Zc8oacyWnXi+0/bMI5FGibZNZV4y/o9UoFEr6agjU260/cXHTjIdkX233nN7eb7dtyRg==
  dependencies:
    "@cspell/dict-data-science" "^2.0.1"

"@cspell/dict-r@^2.0.1":
  version "2.0.1"
  resolved "https://registry.yarnpkg.com/@cspell/dict-r/-/dict-r-2.0.1.tgz#73474fb7cce45deb9094ebf61083fbf5913f440a"
  integrity sha512-KCmKaeYMLm2Ip79mlYPc8p+B2uzwBp4KMkzeLd5E6jUlCL93Y5Nvq68wV5fRLDRTf7N1LvofkVFWfDcednFOgA==

"@cspell/dict-ruby@^5.0.2":
  version "5.0.2"
  resolved "https://registry.yarnpkg.com/@cspell/dict-ruby/-/dict-ruby-5.0.2.tgz#cf1a71380c633dec0857143d3270cb503b10679a"
  integrity sha512-cIh8KTjpldzFzKGgrqUX4bFyav5lC52hXDKo4LbRuMVncs3zg4hcSf4HtURY+f2AfEZzN6ZKzXafQpThq3dl2g==

"@cspell/dict-rust@^4.0.4":
  version "4.0.4"
  resolved "https://registry.yarnpkg.com/@cspell/dict-rust/-/dict-rust-4.0.4.tgz#72f21d18aa46288b7da00e7d91b3ed4a23b386e8"
  integrity sha512-v9/LcZknt/Xq7m1jdTWiQEtmkVVKdE1etAfGL2sgcWpZYewEa459HeWndNA0gfzQrpWX9sYay18mt7pqClJEdA==

"@cspell/dict-scala@^5.0.3":
  version "5.0.3"
  resolved "https://registry.yarnpkg.com/@cspell/dict-scala/-/dict-scala-5.0.3.tgz#85a469b2d139766b6307befc89243928e3d82b39"
  integrity sha512-4yGb4AInT99rqprxVNT9TYb1YSpq58Owzq7zi3ZS5T0u899Y4VsxsBiOgHnQ/4W+ygi+sp+oqef8w8nABR2lkg==

"@cspell/dict-software-terms@^4.0.0":
  version "4.0.3"
  resolved "https://registry.yarnpkg.com/@cspell/dict-software-terms/-/dict-software-terms-4.0.3.tgz#c6de88baca8f35869b96240656cd5461aa2a0b1a"
  integrity sha512-65QAVMc3YlcI7PcqWRY5ox53tTWC8aktUZdJYCVs4VDBPUCTSDnTSmSreeg4F5Z468clv9KF/S0PkxbLjgW72A==

"@cspell/dict-sql@^2.1.3":
  version "2.1.3"
  resolved "https://registry.yarnpkg.com/@cspell/dict-sql/-/dict-sql-2.1.3.tgz#8d9666a82e35b310d0be4064032c0d891fbd2702"
  integrity sha512-SEyTNKJrjqD6PAzZ9WpdSu6P7wgdNtGV2RV8Kpuw1x6bV+YsSptuClYG+JSdRExBTE6LwIe1bTklejUp3ZP8TQ==

"@cspell/dict-svelte@^1.0.2":
  version "1.0.2"
  resolved "https://registry.yarnpkg.com/@cspell/dict-svelte/-/dict-svelte-1.0.2.tgz#0c866b08a7a6b33bbc1a3bdbe6a1b484ca15cdaa"
  integrity sha512-rPJmnn/GsDs0btNvrRBciOhngKV98yZ9SHmg8qI6HLS8hZKvcXc0LMsf9LLuMK1TmS2+WQFAan6qeqg6bBxL2Q==

"@cspell/dict-swift@^2.0.1":
  version "2.0.1"
  resolved "https://registry.yarnpkg.com/@cspell/dict-swift/-/dict-swift-2.0.1.tgz#06ec86e52e9630c441d3c19605657457e33d7bb6"
  integrity sha512-gxrCMUOndOk7xZFmXNtkCEeroZRnS2VbeaIPiymGRHj5H+qfTAzAKxtv7jJbVA3YYvEzWcVE2oKDP4wcbhIERw==

"@cspell/dict-terraform@^1.0.0":
  version "1.0.0"
  resolved "https://registry.yarnpkg.com/@cspell/dict-terraform/-/dict-terraform-1.0.0.tgz#c7b073bb3a03683f64cc70ccaa55ce9742c46086"
  integrity sha512-Ak+vy4HP/bOgzf06BAMC30+ZvL9mzv21xLM2XtfnBLTDJGdxlk/nK0U6QT8VfFLqJ0ZZSpyOxGsUebWDCTr/zQ==

"@cspell/dict-typescript@^3.1.5":
  version "3.1.5"
  resolved "https://registry.yarnpkg.com/@cspell/dict-typescript/-/dict-typescript-3.1.5.tgz#15bd74651fb2cf0eff1150f07afee9543206bfab"
  integrity sha512-EkIwwNV/xqEoBPJml2S16RXj65h1kvly8dfDLgXerrKw6puybZdvAHerAph6/uPTYdtLcsPyJYkPt5ISOJYrtw==

"@cspell/dict-vue@^3.0.0":
  version "3.0.0"
  resolved "https://registry.yarnpkg.com/@cspell/dict-vue/-/dict-vue-3.0.0.tgz#68ccb432ad93fcb0fd665352d075ae9a64ea9250"
  integrity sha512-niiEMPWPV9IeRBRzZ0TBZmNnkK3olkOPYxC1Ny2AX4TGlYRajcW0WUtoSHmvvjZNfWLSg2L6ruiBeuPSbjnG6A==

"@cspell/dynamic-import@8.12.1":
  version "8.12.1"
  resolved "https://registry.yarnpkg.com/@cspell/dynamic-import/-/dynamic-import-8.12.1.tgz#34896c579e7bc9f9e4e6fafdea5afaa4352167f5"
  integrity sha512-18faXHALiMsXtG3v67qeyDhNRZVtkhX5Je2qw8iZQB/i61y0Mfm22iiZeXsKImrXbwP0acyhRkRA1sp1NaQmOw==
  dependencies:
    import-meta-resolve "^4.1.0"

"@cspell/strong-weak-map@8.12.1":
  version "8.12.1"
  resolved "https://registry.yarnpkg.com/@cspell/strong-weak-map/-/strong-weak-map-8.12.1.tgz#a2e49cd4711943f05980ca26edfe87e6b69d3bf5"
  integrity sha512-0O5qGHRXoKl0+hXGdelox2awrCMr8LXObUcWwYbSih7HIm4DwhxMO4qjDFye1NdjW0P88yhpQ23J2ceSto9C5Q==

"@cspell/url@8.12.1":
  version "8.12.1"
  resolved "https://registry.yarnpkg.com/@cspell/url/-/url-8.12.1.tgz#c2cae557ccb94744fbc27c16c5aeffaae922ef8b"
  integrity sha512-mUYaDniHVLw0YXn2egT2e21MYubMAf+1LDeC0kkbg4VWNxSlC1Ksyv6pqhos495esaa8OCjizdIdnGSF6al9Rw==

"@nodelib/fs.scandir@2.1.5":
  version "2.1.5"
  resolved "https://registry.yarnpkg.com/@nodelib/fs.scandir/-/fs.scandir-2.1.5.tgz#7619c2eb21b25483f6d167548b4cfd5a7488c3d5"
  integrity sha512-vq24Bq3ym5HEQm2NKCr3yXDwjc7vTsEThRDnkp2DK9p1uqLR+DHurm/NOTo0KG7HYHU7eppKZj3MyqYuMBf62g==
  dependencies:
    "@nodelib/fs.stat" "2.0.5"
    run-parallel "^1.1.9"

"@nodelib/fs.stat@2.0.5", "@nodelib/fs.stat@^2.0.2":
  version "2.0.5"
  resolved "https://registry.yarnpkg.com/@nodelib/fs.stat/-/fs.stat-2.0.5.tgz#5bd262af94e9d25bd1e71b05deed44876a222e8b"
  integrity sha512-RkhPPp2zrqDAQA/2jNhnztcPAlv64XdhIp7a7454A5ovI7Bukxgt7MX7udwAu3zg1DcpPU0rz3VV1SeaqvY4+A==

"@nodelib/fs.walk@^1.2.3":
  version "1.2.8"
  resolved "https://registry.yarnpkg.com/@nodelib/fs.walk/-/fs.walk-1.2.8.tgz#e95737e8bb6746ddedf69c556953494f196fe69a"
  integrity sha512-oGB+UxlgWcgQkgwo8GcEGwemoTFt3FIO9ababBmaGwXIoBKZ+GTy0pP185beGg7Llih/NSHSV2XAs1lnznocSg==
  dependencies:
    "@nodelib/fs.scandir" "2.1.5"
    fastq "^1.6.0"

"@taplo/core@^0.1.0":
  version "0.1.1"
  resolved "https://registry.yarnpkg.com/@taplo/core/-/core-0.1.1.tgz#28a301d6ea141249ff712f8a2b9fce6d4e813d41"
  integrity sha512-BG/zLGf5wiNXGEVPvUAAX/4ilB3PwDUY2o0MV0y47mZbDZ9ad9UK/cIQsILat3bqbPJsALVbU6k3cskNZ3vAQg==

"@taplo/lib@^0.4.0-alpha.2":
  version "0.4.0-alpha.2"
  resolved "https://registry.yarnpkg.com/@taplo/lib/-/lib-0.4.0-alpha.2.tgz#6a2fcdeb947c34ada51a15797c69c673f8a62a2c"
  integrity sha512-DV/Re3DPVY+BhBtLZ3dmP4mP6YMLSsgq9qGLXwOV38lvNF/fBlgvQswzlXmzCEefL/3q2eMoefZpOI/+GLuCNA==
  dependencies:
    "@taplo/core" "^0.1.0"

ansi-regex@^6.0.1:
  version "6.0.1"
  resolved "https://registry.yarnpkg.com/ansi-regex/-/ansi-regex-6.0.1.tgz#3183e38fae9a65d7cb5e53945cd5897d0260a06a"
  integrity sha512-n5M855fKb2SsfMIiFFoVrABHJC8QtHwVx+mHWP3QcEqBHYienj5dHSgjbxtC0WEZXYt4wcD6zrQElDPhFuZgfA==

array-timsort@^1.0.3:
  version "1.0.3"
  resolved "https://registry.yarnpkg.com/array-timsort/-/array-timsort-1.0.3.tgz#3c9e4199e54fb2b9c3fe5976396a21614ef0d926"
  integrity sha512-/+3GRL7dDAGEfM6TseQk/U+mi18TU2Ms9I3UlLdUMhz2hbvGNTKdj9xniwXfUqgYhHxRx0+8UnKkvlNwVU+cWQ==

braces@^3.0.2, braces@^3.0.3:
  version "3.0.3"
  resolved "https://registry.yarnpkg.com/braces/-/braces-3.0.3.tgz#490332f40919452272d55a8480adc0c441358789"
  integrity sha512-yQbXgO/OSZVD2IsiLlro+7Hf6Q18EJrKSEsdoMzKePKXct3gvD8oLcOQdIzGupr5Fj+EDe8gO/lxc1BzfMpxvA==
  dependencies:
    fill-range "^7.1.1"

callsites@^3.0.0, callsites@^3.1.0:
  version "3.1.0"
  resolved "https://registry.yarnpkg.com/callsites/-/callsites-3.1.0.tgz#b3630abd8943432f54b3f0519238e33cd7df2f73"
  integrity sha512-P8BjAsXvZS+VIDUI11hHCQEv74YT67YUi5JJFNWIqL235sBmjX4+qx9Muvls5ivyNENctx46xQLQ3aTuE7ssaQ==

chalk-template@^1.1.0:
  version "1.1.0"
  resolved "https://registry.yarnpkg.com/chalk-template/-/chalk-template-1.1.0.tgz#ffc55db6dd745e9394b85327c8ac8466edb7a7b1"
  integrity sha512-T2VJbcDuZQ0Tb2EWwSotMPJjgpy1/tGee1BTpUNsGZ/qgNjV2t7Mvu+d4600U564nbLesN1x2dPL+xii174Ekg==
  dependencies:
    chalk "^5.2.0"

chalk@^5.2.0, chalk@^5.3.0:
  version "5.3.0"
  resolved "https://registry.yarnpkg.com/chalk/-/chalk-5.3.0.tgz#67c20a7ebef70e7f3970a01f90fa210cb6860385"
  integrity sha512-dLitG79d+GV1Nb/VYcCDFivJeK1hiukt9QjRNVOsUtTy1rR1YJsmpGGTZ3qJos+uw7WmWF4wUwBd9jxjocFC2w==

clear-module@^4.1.2:
  version "4.1.2"
  resolved "https://registry.yarnpkg.com/clear-module/-/clear-module-4.1.2.tgz#5a58a5c9f8dccf363545ad7284cad3c887352a80"
  integrity sha512-LWAxzHqdHsAZlPlEyJ2Poz6AIs384mPeqLVCru2p0BrP9G/kVGuhNyZYClLO6cXlnuJjzC8xtsJIuMjKqLXoAw==
  dependencies:
    parent-module "^2.0.0"
    resolve-from "^5.0.0"

commander@^12.1.0:
  version "12.1.0"
  resolved "https://registry.yarnpkg.com/commander/-/commander-12.1.0.tgz#01423b36f501259fdaac4d0e4d60c96c991585d3"
  integrity sha512-Vw8qHK3bZM9y/P10u3Vib8o/DdkvA2OtPtZvD871QKjy74Wj1WSKFILMPRPSdUSx5RFK1arlJzEtA4PkFgnbuA==

comment-json@^4.2.4:
  version "4.2.4"
  resolved "https://registry.yarnpkg.com/comment-json/-/comment-json-4.2.4.tgz#7d1cfe2e934f0c55ae3c2c2cc0436ba4e8901083"
  integrity sha512-E5AjpSW+O+N5T2GsOQMHLLsJvrYw6G/AFt9GvU6NguEAfzKShh7hRiLtVo6S9KbRpFMGqE5ojo0/hE+sdteWvQ==
  dependencies:
    array-timsort "^1.0.3"
    core-util-is "^1.0.3"
    esprima "^4.0.1"
    has-own-prop "^2.0.0"
    repeat-string "^1.6.1"

core-util-is@^1.0.3:
  version "1.0.3"
  resolved "https://registry.yarnpkg.com/core-util-is/-/core-util-is-1.0.3.tgz#a6042d3634c2b27e9328f837b965fac83808db85"
  integrity sha512-ZQBvi1DcpJ4GDqanjucZ2Hj3wEO5pZDS89BWbkcrvdxksJorwUDDZamX9ldFkp9aw2lmBDLgkObEA4DWNJ9FYQ==

cspell-config-lib@8.12.1:
  version "8.12.1"
  resolved "https://registry.yarnpkg.com/cspell-config-lib/-/cspell-config-lib-8.12.1.tgz#ccfb7e1112404e528560855d8de7de33892ed7ca"
  integrity sha512-xEoKdb8hyturyiUXFdRgQotYegYe3OZS+Yc7JHnB75Ykt+Co2gtnu2M/Yb0yoqaHCXflVO6MITrKNaxricgqVw==
  dependencies:
    "@cspell/cspell-types" "8.12.1"
    comment-json "^4.2.4"
    yaml "^2.4.5"

cspell-dictionary@8.12.1:
  version "8.12.1"
  resolved "https://registry.yarnpkg.com/cspell-dictionary/-/cspell-dictionary-8.12.1.tgz#b86f9ee4545156fea80a15b9a65067b120ef094c"
  integrity sha512-jYHEA48on6pBQYVUEzXV63wy5Ulx/QNUZcoiG3C0OmYIKjACTaEg02AMDOr+Eaj34E5v4pGEShzot4Qtt/aiNQ==
  dependencies:
    "@cspell/cspell-pipe" "8.12.1"
    "@cspell/cspell-types" "8.12.1"
    cspell-trie-lib "8.12.1"
    fast-equals "^5.0.1"
    gensequence "^7.0.0"

cspell-gitignore@8.12.1:
  version "8.12.1"
  resolved "https://registry.yarnpkg.com/cspell-gitignore/-/cspell-gitignore-8.12.1.tgz#4c59f0be76e9b81ccf3b45184a7a587321f20766"
  integrity sha512-XlO87rdrab3VKU8e7+RGEfqEtYqo7ObgfZeYEAdJlwUXvqYxBzA11jDZAovDz/5jv0YfRMx6ch5t6+1zfSeBbQ==
  dependencies:
    "@cspell/url" "8.12.1"
    cspell-glob "8.12.1"
    cspell-io "8.12.1"
    find-up-simple "^1.0.0"

cspell-glob@8.12.1:
  version "8.12.1"
  resolved "https://registry.yarnpkg.com/cspell-glob/-/cspell-glob-8.12.1.tgz#31af97add274a1199f67e7d713576b7226af75b7"
  integrity sha512-ZplEPLlNwj7luEKu/VudIaV+cGTQHExihGvAUxlIVMFURiAFMT5eH0UsQoCEpSevIEueO+slLUDy7rxwTwAGdQ==
  dependencies:
    "@cspell/url" "8.12.1"
    micromatch "^4.0.7"

cspell-grammar@8.12.1:
  version "8.12.1"
  resolved "https://registry.yarnpkg.com/cspell-grammar/-/cspell-grammar-8.12.1.tgz#aeefe9c3c17ea5154e73e1a0f7ea09a974a7b7b0"
  integrity sha512-IAES553M5nuB/wtiWYayDX2/5OmDu2VmEcnV6SXNze8oop0oodSqr3h46rLy+m1EOOD8nenMa295N/dRPqTB/g==
  dependencies:
    "@cspell/cspell-pipe" "8.12.1"
    "@cspell/cspell-types" "8.12.1"

cspell-io@8.12.1:
  version "8.12.1"
  resolved "https://registry.yarnpkg.com/cspell-io/-/cspell-io-8.12.1.tgz#811c8c5aab86cdfdff24a89c2474b9625861c7ea"
  integrity sha512-uPjYQP/OKmA8B1XbJunUTBingtrb6IKkp7enyljsZEbtPRKSudP16QPacgyZLLb5rCVQXyexebGfQ182jmq7dg==
  dependencies:
    "@cspell/cspell-service-bus" "8.12.1"
    "@cspell/url" "8.12.1"

cspell-lib@8.12.1:
  version "8.12.1"
  resolved "https://registry.yarnpkg.com/cspell-lib/-/cspell-lib-8.12.1.tgz#5cffeddee554978f84c7cddc66d9aa8be6dce60e"
  integrity sha512-z2aZXnrip76zbH0j0ibTGux3mA71TMHtoEAd+n66so7Tx3QydUDAI0u7tzfbP3JyqL9ZWPlclQAfbutMUuzMBQ==
  dependencies:
    "@cspell/cspell-bundled-dicts" "8.12.1"
    "@cspell/cspell-pipe" "8.12.1"
    "@cspell/cspell-resolver" "8.12.1"
    "@cspell/cspell-types" "8.12.1"
    "@cspell/dynamic-import" "8.12.1"
    "@cspell/strong-weak-map" "8.12.1"
    "@cspell/url" "8.12.1"
    clear-module "^4.1.2"
    comment-json "^4.2.4"
    cspell-config-lib "8.12.1"
    cspell-dictionary "8.12.1"
    cspell-glob "8.12.1"
    cspell-grammar "8.12.1"
    cspell-io "8.12.1"
    cspell-trie-lib "8.12.1"
    env-paths "^3.0.0"
    fast-equals "^5.0.1"
    gensequence "^7.0.0"
    import-fresh "^3.3.0"
    resolve-from "^5.0.0"
    vscode-languageserver-textdocument "^1.0.11"
    vscode-uri "^3.0.8"
    xdg-basedir "^5.1.0"

cspell-trie-lib@8.12.1:
  version "8.12.1"
  resolved "https://registry.yarnpkg.com/cspell-trie-lib/-/cspell-trie-lib-8.12.1.tgz#0cea427d66eac2cc829250f85b74b1189e0b311e"
  integrity sha512-a9QmGGUhparM9v184YsB+D0lSdzVgWDlLFEBjVLQJyvp43HErZjvcTPUojUypNQUEjxvksX0/C4pO5Wq8YUD8w==
  dependencies:
    "@cspell/cspell-pipe" "8.12.1"
    "@cspell/cspell-types" "8.12.1"
    gensequence "^7.0.0"

cspell@^8.12.1:
  version "8.12.1"
  resolved "https://registry.yarnpkg.com/cspell/-/cspell-8.12.1.tgz#92888875352878e0f9a79f166b84cfef3f4cc45d"
  integrity sha512-mdnUUPydxxdj/uyF84U/DvPiY/l58Z2IpNwTx3H9Uve9dfT0vRv/7jiFNAvK4hAfZQaMaE7DPC00ckywTI/XgA==
  dependencies:
    "@cspell/cspell-json-reporter" "8.12.1"
    "@cspell/cspell-pipe" "8.12.1"
    "@cspell/cspell-types" "8.12.1"
    "@cspell/dynamic-import" "8.12.1"
    "@cspell/url" "8.12.1"
    chalk "^5.3.0"
    chalk-template "^1.1.0"
    commander "^12.1.0"
    cspell-gitignore "8.12.1"
    cspell-glob "8.12.1"
    cspell-io "8.12.1"
    cspell-lib "8.12.1"
    fast-glob "^3.3.2"
    fast-json-stable-stringify "^2.1.0"
    file-entry-cache "^9.0.0"
    get-stdin "^9.0.0"
    semver "^7.6.3"
    strip-ansi "^7.1.0"

env-paths@^3.0.0:
  version "3.0.0"
  resolved "https://registry.yarnpkg.com/env-paths/-/env-paths-3.0.0.tgz#2f1e89c2f6dbd3408e1b1711dd82d62e317f58da"
  integrity sha512-dtJUTepzMW3Lm/NPxRf3wP4642UWhjL2sQxc+ym2YMj1m/H2zDNQOlezafzkHwn6sMstjHTwG6iQQsctDW/b1A==

esprima@^4.0.1:
  version "4.0.1"
  resolved "https://registry.yarnpkg.com/esprima/-/esprima-4.0.1.tgz#13b04cdb3e6c5d19df91ab6987a8695619b0aa71"
  integrity sha512-eGuFFw7Upda+g4p+QHvnW0RyTX/SVeJBDM/gCtMARO0cLuT2HcEKnTPvhjV6aGeqrCB/sbNop0Kszm0jsaWU4A==

fast-equals@^5.0.1:
  version "5.0.1"
  resolved "https://registry.yarnpkg.com/fast-equals/-/fast-equals-5.0.1.tgz#a4eefe3c5d1c0d021aeed0bc10ba5e0c12ee405d"
  integrity sha512-WF1Wi8PwwSY7/6Kx0vKXtw8RwuSGoM1bvDaJbu7MxDlR1vovZjIAKrnzyrThgAjm6JDTu0fVgWXDlMGspodfoQ==

fast-glob@^3.3.2:
  version "3.3.2"
  resolved "https://registry.yarnpkg.com/fast-glob/-/fast-glob-3.3.2.tgz#a904501e57cfdd2ffcded45e99a54fef55e46129"
  integrity sha512-oX2ruAFQwf/Orj8m737Y5adxDQO0LAB7/S5MnxCdTNDd4p6BsyIVsv9JQsATbTSq8KHRpLwIHbVlUNatxd+1Ow==
  dependencies:
    "@nodelib/fs.stat" "^2.0.2"
    "@nodelib/fs.walk" "^1.2.3"
    glob-parent "^5.1.2"
    merge2 "^1.3.0"
    micromatch "^4.0.4"

fast-json-stable-stringify@^2.1.0:
  version "2.1.0"
  resolved "https://registry.yarnpkg.com/fast-json-stable-stringify/-/fast-json-stable-stringify-2.1.0.tgz#874bf69c6f404c2b5d99c481341399fd55892633"
  integrity sha512-lhd/wF+Lk98HZoTCtlVraHtfh5XYijIjalXck7saUtuanSDyLMxnHhSXEDJqHxD7msR8D0uCmqlkwjCV8xvwHw==

fastq@^1.6.0:
  version "1.15.0"
  resolved "https://registry.yarnpkg.com/fastq/-/fastq-1.15.0.tgz#d04d07c6a2a68fe4599fea8d2e103a937fae6b3a"
  integrity sha512-wBrocU2LCXXa+lWBt8RoIRD89Fi8OdABODa/kEnyeyjS5aZO5/GNvI5sEINADqP/h8M29UHTHUb53sUu5Ihqdw==
  dependencies:
    reusify "^1.0.4"

file-entry-cache@^9.0.0:
  version "9.0.0"
  resolved "https://registry.yarnpkg.com/file-entry-cache/-/file-entry-cache-9.0.0.tgz#4478e7ceaa5191fa9676a2daa7030211c31b1e7e"
  integrity sha512-6MgEugi8p2tiUhqO7GnPsmbCCzj0YRCwwaTbpGRyKZesjRSzkqkAE9fPp7V2yMs5hwfgbQLgdvSSkGNg1s5Uvw==
  dependencies:
    flat-cache "^5.0.0"

fill-range@^7.1.1:
  version "7.1.1"
  resolved "https://registry.yarnpkg.com/fill-range/-/fill-range-7.1.1.tgz#44265d3cac07e3ea7dc247516380643754a05292"
  integrity sha512-YsGpe3WHLK8ZYi4tWDg2Jy3ebRz2rXowDxnld4bkQB00cc/1Zw9AWnC0i9ztDJitivtQvaI9KaLyKrc+hBW0yg==
  dependencies:
    to-regex-range "^5.0.1"

find-up-simple@^1.0.0:
  version "1.0.0"
  resolved "https://registry.yarnpkg.com/find-up-simple/-/find-up-simple-1.0.0.tgz#21d035fde9fdbd56c8f4d2f63f32fd93a1cfc368"
  integrity sha512-q7Us7kcjj2VMePAa02hDAF6d+MzsdsAWEwYyOpwUtlerRBkOEPBCRZrAV4XfcSN8fHAgaD0hP7miwoay6DCprw==

flat-cache@^5.0.0:
  version "5.0.0"
  resolved "https://registry.yarnpkg.com/flat-cache/-/flat-cache-5.0.0.tgz#26c4da7b0f288b408bb2b506b2cb66c240ddf062"
  integrity sha512-JrqFmyUl2PnPi1OvLyTVHnQvwQ0S+e6lGSwu8OkAZlSaNIZciTY2H/cOOROxsBA1m/LZNHDsqAgDZt6akWcjsQ==
  dependencies:
    flatted "^3.3.1"
    keyv "^4.5.4"

flatted@^3.3.1:
  version "3.3.1"
  resolved "https://registry.yarnpkg.com/flatted/-/flatted-3.3.1.tgz#21db470729a6734d4997002f439cb308987f567a"
  integrity sha512-X8cqMLLie7KsNUDSdzeN8FYK9rEt4Dt67OsG/DNGnYTSDBG4uFAJFBnUeiV+zCVAvwFy56IjM9sH51jVaEhNxw==

gensequence@^7.0.0:
  version "7.0.0"
  resolved "https://registry.yarnpkg.com/gensequence/-/gensequence-7.0.0.tgz#bb6aedec8ff665e3a6c42f92823121e3a6ea7718"
  integrity sha512-47Frx13aZh01afHJTB3zTtKIlFI6vWY+MYCN9Qpew6i52rfKjnhCF/l1YlC8UmEMvvntZZ6z4PiCcmyuedR2aQ==

get-stdin@^9.0.0:
  version "9.0.0"
  resolved "https://registry.yarnpkg.com/get-stdin/-/get-stdin-9.0.0.tgz#3983ff82e03d56f1b2ea0d3e60325f39d703a575"
  integrity sha512-dVKBjfWisLAicarI2Sf+JuBE/DghV4UzNAVe9yhEJuzeREd3JhOTE9cUaJTeSa77fsbQUK3pcOpJfM59+VKZaA==

glob-parent@^5.1.2:
  version "5.1.2"
  resolved "https://registry.yarnpkg.com/glob-parent/-/glob-parent-5.1.2.tgz#869832c58034fe68a4093c17dc15e8340d8401c4"
  integrity sha512-AOIgSQCepiJYwP3ARnGx+5VnTu2HBYdzbGP45eLw1vr3zB3vZLeyed1sC9hnbcOc9/SrMyM5RPQrkGz4aS9Zow==
  dependencies:
    is-glob "^4.0.1"

global-directory@^4.0.1:
  version "4.0.1"
  resolved "https://registry.yarnpkg.com/global-directory/-/global-directory-4.0.1.tgz#4d7ac7cfd2cb73f304c53b8810891748df5e361e"
  integrity sha512-wHTUcDUoZ1H5/0iVqEudYW4/kAlN5cZ3j/bXn0Dpbizl9iaUVeWSHqiOjsgk6OW2bkLclbBjzewBz6weQ1zA2Q==
  dependencies:
    ini "4.1.1"

has-own-prop@^2.0.0:
  version "2.0.0"
  resolved "https://registry.yarnpkg.com/has-own-prop/-/has-own-prop-2.0.0.tgz#f0f95d58f65804f5d218db32563bb85b8e0417af"
  integrity sha512-Pq0h+hvsVm6dDEa8x82GnLSYHOzNDt7f0ddFa3FqcQlgzEiptPqL+XrOJNavjOzSYiYWIrgeVYYgGlLmnxwilQ==

import-fresh@^3.3.0:
  version "3.3.0"
  resolved "https://registry.yarnpkg.com/import-fresh/-/import-fresh-3.3.0.tgz#37162c25fcb9ebaa2e6e53d5b4d88ce17d9e0c2b"
  integrity sha512-veYYhQa+D1QBKznvhUHxb8faxlrwUnxseDAbAp457E0wLNio2bOSKnjYDhMj+YiAq61xrMGhQk9iXVk5FzgQMw==
  dependencies:
    parent-module "^1.0.0"
    resolve-from "^4.0.0"

import-meta-resolve@^4.1.0:
  version "4.1.0"
  resolved "https://registry.yarnpkg.com/import-meta-resolve/-/import-meta-resolve-4.1.0.tgz#f9db8bead9fafa61adb811db77a2bf22c5399706"
  integrity sha512-I6fiaX09Xivtk+THaMfAwnA3MVA5Big1WHF1Dfx9hFuvNIWpXnorlkzhcQf6ehrqQiiZECRt1poOAkPmer3ruw==

ini@4.1.1:
  version "4.1.1"
  resolved "https://registry.yarnpkg.com/ini/-/ini-4.1.1.tgz#d95b3d843b1e906e56d6747d5447904ff50ce7a1"
  integrity sha512-QQnnxNyfvmHFIsj7gkPcYymR8Jdw/o7mp5ZFihxn6h8Ci6fh3Dx4E1gPjpQEpIuPo9XVNY/ZUwh4BPMjGyL01g==

is-extglob@^2.1.1:
  version "2.1.1"
  resolved "https://registry.yarnpkg.com/is-extglob/-/is-extglob-2.1.1.tgz#a88c02535791f02ed37c76a1b9ea9773c833f8c2"
  integrity sha512-SbKbANkN603Vi4jEZv49LeVJMn4yGwsbzZworEoyEiutsN3nJYdbO36zfhGJ6QEDpOZIFkDtnq5JRxmvl3jsoQ==

is-glob@^4.0.1:
  version "4.0.3"
  resolved "https://registry.yarnpkg.com/is-glob/-/is-glob-4.0.3.tgz#64f61e42cbbb2eec2071a9dac0b28ba1e65d5084"
  integrity sha512-xelSayHH36ZgE7ZWhli7pW34hNbNl8Ojv5KVmkJD4hBdD3th8Tfk9vYasLM+mXWOZhFkgZfxhLSnrwRr4elSSg==
  dependencies:
    is-extglob "^2.1.1"

is-number@^7.0.0:
  version "7.0.0"
  resolved "https://registry.yarnpkg.com/is-number/-/is-number-7.0.0.tgz#7535345b896734d5f80c4d06c50955527a14f12b"
  integrity sha512-41Cifkg6e8TylSpdtTpeLVMqvSBEVzTttHvERD741+pnZ8ANv0004MRL43QKPDlK9cGvNp6NZWZUBlbGXYxxng==

json-buffer@3.0.1:
  version "3.0.1"
  resolved "https://registry.yarnpkg.com/json-buffer/-/json-buffer-3.0.1.tgz#9338802a30d3b6605fbe0613e094008ca8c05a13"
  integrity sha512-4bV5BfR2mqfQTJm+V5tPPdf+ZpuhiIvTuAB5g8kcrXOZpTT/QwwVRWBywX1ozr6lEuPdbHxwaJlm9G6mI2sfSQ==

keyv@^4.5.4:
  version "4.5.4"
  resolved "https://registry.yarnpkg.com/keyv/-/keyv-4.5.4.tgz#a879a99e29452f942439f2a405e3af8b31d4de93"
  integrity sha512-oxVHkHR/EJf2CNXnWxRLW6mg7JyCCUcG0DtEGmL2ctUo1PNTin1PUil+r/+4r5MpVgC/fn1kjsx7mjSujKqIpw==
  dependencies:
    json-buffer "3.0.1"

merge2@^1.3.0:
  version "1.4.1"
  resolved "https://registry.yarnpkg.com/merge2/-/merge2-1.4.1.tgz#4368892f885e907455a6fd7dc55c0c9d404990ae"
  integrity sha512-8q7VEgMJW4J8tcfVPy8g09NcQwZdbwFEqhe/WZkoIzjn/3TGDwtOCYtXGxA3O8tPzpczCCDgv+P2P5y00ZJOOg==

micromatch@^4.0.4:
  version "4.0.5"
  resolved "https://registry.yarnpkg.com/micromatch/-/micromatch-4.0.5.tgz#bc8999a7cbbf77cdc89f132f6e467051b49090c6"
  integrity sha512-DMy+ERcEW2q8Z2Po+WNXuw3c5YaUSFjAO5GsJqfEl7UjvtIuFKO6ZrKvcItdy98dwFI2N1tg3zNIdKaQT+aNdA==
  dependencies:
    braces "^3.0.2"
    picomatch "^2.3.1"

micromatch@^4.0.7:
  version "4.0.7"
  resolved "https://registry.yarnpkg.com/micromatch/-/micromatch-4.0.7.tgz#33e8190d9fe474a9895525f5618eee136d46c2e5"
  integrity sha512-LPP/3KorzCwBxfeUuZmaR6bG2kdeHSbe0P2tY3FLRU4vYrjYz5hI4QZwV0njUx3jeuKe67YukQ1LSPZBKDqO/Q==
  dependencies:
    braces "^3.0.3"
    picomatch "^2.3.1"

parent-module@^1.0.0:
  version "1.0.1"
  resolved "https://registry.yarnpkg.com/parent-module/-/parent-module-1.0.1.tgz#691d2709e78c79fae3a156622452d00762caaaa2"
  integrity sha512-GQ2EWRpQV8/o+Aw8YqtfZZPfNRWZYkbidE9k5rpl/hC3vtHHBfGm2Ifi6qWV+coDGkrUKZAxE3Lot5kcsRlh+g==
  dependencies:
    callsites "^3.0.0"

parent-module@^2.0.0:
  version "2.0.0"
  resolved "https://registry.yarnpkg.com/parent-module/-/parent-module-2.0.0.tgz#fa71f88ff1a50c27e15d8ff74e0e3a9523bf8708"
  integrity sha512-uo0Z9JJeWzv8BG+tRcapBKNJ0dro9cLyczGzulS6EfeyAdeC9sbojtW6XwvYxJkEne9En+J2XEl4zyglVeIwFg==
  dependencies:
    callsites "^3.1.0"

picomatch@^2.3.1:
  version "2.3.1"
  resolved "https://registry.yarnpkg.com/picomatch/-/picomatch-2.3.1.tgz#3ba3833733646d9d3e4995946c1365a67fb07a42"
  integrity sha512-JU3teHTNjmE2VCGFzuY8EXzCDVwEqB2a8fsIvwaStHhAWJEeVd1o1QD80CU6+ZdEXXSLbSsuLwJjkCBWqRQUVA==

prettier-plugin-ini@^1.2.0:
  version "1.2.0"
  resolved "https://registry.yarnpkg.com/prettier-plugin-ini/-/prettier-plugin-ini-1.2.0.tgz#265d8736d37414183eb969c2de98ff213007fc64"
  integrity sha512-8RR2n3AGlObQ11NCpyvv1N+xkTe/RdGp1vko8xeuXubWUa9NrOEZMX463H1AvnhnUX8b1NeJk3TKFkgvWunApg==
  dependencies:
    prettier ">=3.0.0-alpha.3"

prettier-plugin-sort-json@^4.0.0:
  version "4.0.0"
  resolved "https://registry.yarnpkg.com/prettier-plugin-sort-json/-/prettier-plugin-sort-json-4.0.0.tgz#b72a44b57183dd7f8cef5c07a0614f21d29a0e4a"
  integrity sha512-zV5g+bWFD2zAqyQ8gCkwUTC49o9FxslaUdirwivt5GZHcf57hCocavykuyYqbExoEsuBOg8IU36OY7zmVEMOWA==

prettier-plugin-toml@^2.0.1:
  version "2.0.1"
  resolved "https://registry.yarnpkg.com/prettier-plugin-toml/-/prettier-plugin-toml-2.0.1.tgz#7ba89d6fec5cb7e861ace692bc502344a2812227"
  integrity sha512-99z1YOkViECHtXQjGIigd3talI/ybUI1zB3yniAwUrlWBXupNXThB1hM6bwSMUEj2/+tomTlMtT98F5t4s8IWA==
  dependencies:
    "@taplo/lib" "^0.4.0-alpha.2"

prettier@>=3.0.0-alpha.3, prettier@^3.3.3:
  version "3.3.3"
  resolved "https://registry.yarnpkg.com/prettier/-/prettier-3.3.3.tgz#30c54fe0be0d8d12e6ae61dbb10109ea00d53105"
  integrity sha512-i2tDNA0O5IrMO757lfrdQZCc2jPNDVntV0m/+4whiDfWaTKfMNgR7Qz0NAeGz/nRqF4m5/6CLzbP4/liHt12Ew==

queue-microtask@^1.2.2:
  version "1.2.3"
  resolved "https://registry.yarnpkg.com/queue-microtask/-/queue-microtask-1.2.3.tgz#4929228bbc724dfac43e0efb058caf7b6cfb6243"
  integrity sha512-NuaNSa6flKT5JaSYQzJok04JzTL1CA6aGhv5rfLW3PgqA+M2ChpZQnAC8h8i4ZFkBS8X5RqkDBHA7r4hej3K9A==

repeat-string@^1.6.1:
  version "1.6.1"
  resolved "https://registry.yarnpkg.com/repeat-string/-/repeat-string-1.6.1.tgz#8dcae470e1c88abc2d600fff4a776286da75e637"
  integrity sha512-PV0dzCYDNfRi1jCDbJzpW7jNNDRuCOG/jI5ctQcGKt/clZD+YcPS3yIlWuTJMmESC8aevCFmWJy5wjAFgNqN6w==

resolve-from@^4.0.0:
  version "4.0.0"
  resolved "https://registry.yarnpkg.com/resolve-from/-/resolve-from-4.0.0.tgz#4abcd852ad32dd7baabfe9b40e00a36db5f392e6"
  integrity sha512-pb/MYmXstAkysRFx8piNI1tGFNQIFA3vkE3Gq4EuA1dF6gHp/+vgZqsCGJapvy8N3Q+4o7FwvquPJcnZ7RYy4g==

resolve-from@^5.0.0:
  version "5.0.0"
  resolved "https://registry.yarnpkg.com/resolve-from/-/resolve-from-5.0.0.tgz#c35225843df8f776df21c57557bc087e9dfdfc69"
  integrity sha512-qYg9KP24dD5qka9J47d0aVky0N+b4fTU89LN9iDnjB5waksiC49rvMB0PrUJQGoTmH50XPiqOvAjDfaijGxYZw==

reusify@^1.0.4:
  version "1.0.4"
  resolved "https://registry.yarnpkg.com/reusify/-/reusify-1.0.4.tgz#90da382b1e126efc02146e90845a88db12925d76"
  integrity sha512-U9nH88a3fc/ekCF1l0/UP1IosiuIjyTh7hBvXVMHYgVcfGvt897Xguj2UOLDeI5BG2m7/uwyaLVT6fbtCwTyzw==

run-parallel@^1.1.9:
  version "1.2.0"
  resolved "https://registry.yarnpkg.com/run-parallel/-/run-parallel-1.2.0.tgz#66d1368da7bdf921eb9d95bd1a9229e7f21a43ee"
  integrity sha512-5l4VyZR86LZ/lDxZTR6jqL8AFE2S0IFLMP26AbjsLVADxHdhB/c0GUsH+y39UfCi3dzz8OlQuPmnaJOMoDHQBA==
  dependencies:
    queue-microtask "^1.2.2"

semver@^7.6.3:
  version "7.6.3"
  resolved "https://registry.yarnpkg.com/semver/-/semver-7.6.3.tgz#980f7b5550bc175fb4dc09403085627f9eb33143"
  integrity sha512-oVekP1cKtI+CTDvHWYFUcMtsK/00wmAEfyqKfNdARm8u1wNVhSgaX7A8d4UuIlUI5e84iEwOhs7ZPYRmzU9U6A==

strip-ansi@^7.1.0:
  version "7.1.0"
  resolved "https://registry.yarnpkg.com/strip-ansi/-/strip-ansi-7.1.0.tgz#d5b6568ca689d8561370b0707685d22434faff45"
  integrity sha512-iq6eVVI64nQQTRYq2KtEg2d2uU7LElhTJwsH4YzIHZshxlgZms/wIc4VoDQTlG/IvVIrBKG06CrZnp0qv7hkcQ==
  dependencies:
    ansi-regex "^6.0.1"

to-regex-range@^5.0.1:
  version "5.0.1"
  resolved "https://registry.yarnpkg.com/to-regex-range/-/to-regex-range-5.0.1.tgz#1648c44aae7c8d988a326018ed72f5b4dd0392e4"
  integrity sha512-65P7iz6X5yEr1cwcgvQxbbIw7Uk3gOy5dIdtZ4rDveLqhrdJP+Li/Hx6tyK0NEb+2GCyneCMJiGqrADCSNk8sQ==
  dependencies:
    is-number "^7.0.0"

vscode-languageserver-textdocument@^1.0.11:
  version "1.0.11"
  resolved "https://registry.yarnpkg.com/vscode-languageserver-textdocument/-/vscode-languageserver-textdocument-1.0.11.tgz#0822a000e7d4dc083312580d7575fe9e3ba2e2bf"
  integrity sha512-X+8T3GoiwTVlJbicx/sIAF+yuJAqz8VvwJyoMVhwEMoEKE/fkDmrqUgDMyBECcM2A2frVZIUj5HI/ErRXCfOeA==

vscode-uri@^3.0.8:
  version "3.0.8"
  resolved "https://registry.yarnpkg.com/vscode-uri/-/vscode-uri-3.0.8.tgz#1770938d3e72588659a172d0fd4642780083ff9f"
  integrity sha512-AyFQ0EVmsOZOlAnxoFOGOq1SQDWAB7C6aqMGS23svWAllfOaxbuFvcT8D1i8z3Gyn8fraVeZNNmN6e9bxxXkKw==

xdg-basedir@^5.1.0:
  version "5.1.0"
  resolved "https://registry.yarnpkg.com/xdg-basedir/-/xdg-basedir-5.1.0.tgz#1efba19425e73be1bc6f2a6ceb52a3d2c884c0c9"
  integrity sha512-GCPAHLvrIH13+c0SuacwvRYj2SxJXQ4kaVTT5xgL3kPrz56XxkF21IGhjSE1+W0aw7gpBWRGXLCPnPby6lSpmQ==

yaml@^2.4.5:
  version "2.4.5"
  resolved "https://registry.yarnpkg.com/yaml/-/yaml-2.4.5.tgz#60630b206dd6d84df97003d33fc1ddf6296cca5e"
  integrity sha512-aBx2bnqDzVOyNKfsysjA2ms5ZlnjSAW2eG3/L5G/CSujfjLJTJsEw1bGw8kCf04KodQWk1pxlGnZ56CRxiawmg==
