# THIS IS AN AUTOGENERATED FILE. DO NOT EDIT THIS FILE DIRECTLY.
# yarn lockfile v1


"@chevrotain/cst-dts-gen@11.0.3":
  version "11.0.3"
  resolved "https://registry.yarnpkg.com/@chevrotain/cst-dts-gen/-/cst-dts-gen-11.0.3.tgz#5e0863cc57dc45e204ccfee6303225d15d9d4783"
  integrity sha512-BvIKpRLeS/8UbfxXxgC33xOumsacaeCKAjAeLyOn7Pcp95HiRbrpl14S+9vaZLolnbssPIUuiUd8IvgkRyt6NQ==
  dependencies:
    "@chevrotain/gast" "11.0.3"
    "@chevrotain/types" "11.0.3"
    lodash-es "4.17.21"

"@chevrotain/gast@11.0.3":
  version "11.0.3"
  resolved "https://registry.yarnpkg.com/@chevrotain/gast/-/gast-11.0.3.tgz#e84d8880323fe8cbe792ef69ce3ffd43a936e818"
  integrity sha512-+qNfcoNk70PyS/uxmj3li5NiECO+2YKZZQMbmjTqRI3Qchu8Hig/Q9vgkHpI3alNjr7M+a2St5pw5w5F6NL5/Q==
  dependencies:
    "@chevrotain/types" "11.0.3"
    lodash-es "4.17.21"

"@chevrotain/regexp-to-ast@11.0.3":
  version "11.0.3"
  resolved "https://registry.yarnpkg.com/@chevrotain/regexp-to-ast/-/regexp-to-ast-11.0.3.tgz#11429a81c74a8e6a829271ce02fc66166d56dcdb"
  integrity sha512-1fMHaBZxLFvWI067AVbGJav1eRY7N8DDvYCTwGBiE/ytKBgP8azTdgyrKyWZ9Mfh09eHWb5PgTSO8wi7U824RA==

"@chevrotain/types@11.0.3":
  version "11.0.3"
  resolved "https://registry.yarnpkg.com/@chevrotain/types/-/types-11.0.3.tgz#f8a03914f7b937f594f56eb89312b3b8f1c91848"
  integrity sha512-gsiM3G8b58kZC2HaWR50gu6Y1440cHiJ+i3JUvcp/35JchYejb2+5MVeJK0iKThYpAa/P2PYFV4hoi44HD+aHQ==

"@chevrotain/utils@11.0.3":
  version "11.0.3"
  resolved "https://registry.yarnpkg.com/@chevrotain/utils/-/utils-11.0.3.tgz#e39999307b102cff3645ec4f5b3665f5297a2224"
  integrity sha512-YslZMgtJUyuMbZ+aKvfF3x1f5liK4mWNxghFRv7jqRR9C3R3fAOGTTKvxXDa2Y1s9zSbcpuO0cAxDYsc9SrXoQ==

"@toml-tools/lexer@^1.0.0":
  version "1.0.0"
  resolved "https://registry.yarnpkg.com/@toml-tools/lexer/-/lexer-1.0.0.tgz#474420aac45b2d8350d8251946d3de766c2cfcf6"
  integrity sha512-rVoOC9FibF2CICwCBWQnYcjAEOmLCJExer178K2AsY0Nk9FjJNVoVJuR5UAtuq42BZOajvH+ainf6Gj2GpCnXQ==
  dependencies:
    chevrotain "^11.0.1"

"@toml-tools/parser@^1.0.0":
  version "1.0.0"
  resolved "https://registry.yarnpkg.com/@toml-tools/parser/-/parser-1.0.0.tgz#ff23319800f1db900ed107e04345716412188547"
  integrity sha512-j8cd3A3ccLHppGoWI69urbiVJslrpwI6sZ61ySDUPxM/FTkQWRx/JkkF8aipnl0Ds0feWXyjyvmWzn70mIohYg==
  dependencies:
    "@toml-tools/lexer" "^1.0.0"
    chevrotain "^11.0.1"

chevrotain@^11.0.1:
  version "11.0.3"
  resolved "https://registry.yarnpkg.com/chevrotain/-/chevrotain-11.0.3.tgz#88ffc1fb4b5739c715807eaeedbbf200e202fc1b"
  integrity sha512-ci2iJH6LeIkvP9eJW6gpueU8cnZhv85ELY8w8WiFtNjMHA5ad6pQLaJo9mEly/9qUyCpvqX8/POVUTf18/HFdw==
  dependencies:
    "@chevrotain/cst-dts-gen" "11.0.3"
    "@chevrotain/gast" "11.0.3"
    "@chevrotain/regexp-to-ast" "11.0.3"
    "@chevrotain/types" "11.0.3"
    "@chevrotain/utils" "11.0.3"
    lodash-es "4.17.21"

lodash-es@4.17.21:
  version "4.17.21"
  resolved "https://registry.yarnpkg.com/lodash-es/-/lodash-es-4.17.21.tgz#43e626c46e6591b7750beb2b50117390c609e3ee"
  integrity sha512-mKnC+QJ9pWVzv+C4/U3rRsHapFfHvQFoFB92e52xeyGMcX6/OlIl78je1u8vePzYZSkkogMPJ2yjxxsb89cxyw==

prettier-plugin-ini@^1.1.0:
  version "1.1.0"
  resolved "https://registry.yarnpkg.com/prettier-plugin-ini/-/prettier-plugin-ini-1.1.0.tgz#922fc10398a72e1bfe2d742c702b58060da43eb5"
  integrity sha512-xlWM//GrLYU5CX3Qdn5isOlxz1LHnTi4fdSHZX/UYV/C5ipbcFfdCglENoOPGp4N5EvtA5Q1FuVhg95K58TMRg==
  dependencies:
    prettier ">=2.3"

prettier-plugin-sort-json@^3.0.1:
  version "3.0.1"
  resolved "https://registry.yarnpkg.com/prettier-plugin-sort-json/-/prettier-plugin-sort-json-3.0.1.tgz#552d2955d55b60fd2b588bcdedc55b356dec9995"
  integrity sha512-YwBxM8FxhnTW/Y6oovigLOSvqdNdkyIAi9JdDK2SS5T+Nws6MDhr+xEuiPf83TSPDfWjRc71riMYMfmMHtj05w==

prettier-plugin-toml@^1.0.0:
  version "1.0.0"
  resolved "https://registry.yarnpkg.com/prettier-plugin-toml/-/prettier-plugin-toml-1.0.0.tgz#7d68dc5989f5cd2f5f4205686fbf78a994518a6d"
  integrity sha512-YMn4Fqy/ANHommZh61s5qqtpfcgPB00Ty890bFPr73B0HAy77zgyH89SvAK+NyPPx3AdM56a4Yo66LH9GPnuZw==
  dependencies:
    "@toml-tools/lexer" "^1.0.0"
    "@toml-tools/parser" "^1.0.0"

prettier@>=2.3, prettier@^3.0.3:
  version "3.0.3"
  resolved "https://registry.yarnpkg.com/prettier/-/prettier-3.0.3.tgz#432a51f7ba422d1469096c0fdc28e235db8f9643"
  integrity sha512-L/4pUDMxcNa8R/EthV08Zt42WBO4h1rarVtK0K+QJG0X187OLo7l699jWw0GKuwzkPQ//jMFA/8Xm6Fh3J/DAg==
