# THIS IS AN AUTOGENERATED FILE. DO NOT EDIT THIS FILE DIRECTLY.
# yarn lockfile v1


"@taplo/core@^0.1.0":
  version "0.1.1"
  resolved "https://registry.yarnpkg.com/@taplo/core/-/core-0.1.1.tgz#28a301d6ea141249ff712f8a2b9fce6d4e813d41"
  integrity sha512-BG/zLGf5wiNXGEVPvUAAX/4ilB3PwDUY2o0MV0y47mZbDZ9ad9UK/cIQsILat3bqbPJsALVbU6k3cskNZ3vAQg==

"@taplo/lib@^0.4.0-alpha.2":
  version "0.4.0-alpha.2"
  resolved "https://registry.yarnpkg.com/@taplo/lib/-/lib-0.4.0-alpha.2.tgz#6a2fcdeb947c34ada51a15797c69c673f8a62a2c"
  integrity sha512-DV/Re3DPVY+BhBtLZ3dmP4mP6YMLSsgq9qGLXwOV38lvNF/fBlgvQswzlXmzCEefL/3q2eMoefZpOI/+GLuCNA==
  dependencies:
    "@taplo/core" "^0.1.0"

prettier-plugin-ini@^1.2.0:
  version "1.2.0"
  resolved "https://registry.yarnpkg.com/prettier-plugin-ini/-/prettier-plugin-ini-1.2.0.tgz#265d8736d37414183eb969c2de98ff213007fc64"
  integrity sha512-8RR2n3AGlObQ11NCpyvv1N+xkTe/RdGp1vko8xeuXubWUa9NrOEZMX463H1AvnhnUX8b1NeJk3TKFkgvWunApg==
  dependencies:
    prettier ">=3.0.0-alpha.3"

prettier-plugin-sort-json@^4.0.0:
  version "4.0.0"
  resolved "https://registry.yarnpkg.com/prettier-plugin-sort-json/-/prettier-plugin-sort-json-4.0.0.tgz#b72a44b57183dd7f8cef5c07a0614f21d29a0e4a"
  integrity sha512-zV5g+bWFD2zAqyQ8gCkwUTC49o9FxslaUdirwivt5GZHcf57hCocavykuyYqbExoEsuBOg8IU36OY7zmVEMOWA==

prettier-plugin-toml@^2.0.1:
  version "2.0.1"
  resolved "https://registry.yarnpkg.com/prettier-plugin-toml/-/prettier-plugin-toml-2.0.1.tgz#7ba89d6fec5cb7e861ace692bc502344a2812227"
  integrity sha512-99z1YOkViECHtXQjGIigd3talI/ybUI1zB3yniAwUrlWBXupNXThB1hM6bwSMUEj2/+tomTlMtT98F5t4s8IWA==
  dependencies:
    "@taplo/lib" "^0.4.0-alpha.2"

prettier@>=3.0.0-alpha.3, prettier@^3.3.2:
  version "3.3.2"
  resolved "https://registry.yarnpkg.com/prettier/-/prettier-3.3.2.tgz#03ff86dc7c835f2d2559ee76876a3914cec4a90a"
  integrity sha512-rAVeHYMcv8ATV5d508CFdn+8/pHPpXeIid1DdrPwXnaAdH7cqjVbpJaT5eq4yRAFU/lsbwYwSF/n5iNrdJHPQA==
